
Microsoft Visual Studio Solution File, Format Version 12.00
# Visual Studio Version 16
VisualStudioVersion = 16.0.32126.315
MinimumVisualStudioVersion = 10.0.40219.1
Project("{FAE04EC0-301F-11D3-BF4B-00C04F79EFBC}") = "BigTask", "BigTask\BigTask.csproj", "{4CBE6EF9-F8D6-4C5A-AB9F-36FA1137B8E8}"
EndProject
Global
	GlobalSection(SolutionConfigurationPlatforms) = preSolution
		Debug|Any CPU = Debug|Any CPU
		Release|Any CPU = Release|Any CPU
	EndGlobalSection
	GlobalSection(ProjectConfigurationPlatforms) = postSolution
		{4CBE6EF9-F8D6-4C5A-AB9F-36FA1137B8E8}.Debug|Any CPU.ActiveCfg = Debug|Any CPU
		{4CBE6EF9-F8D6-4C5A-AB9F-36FA1137B8E8}.Debug|Any CPU.Build.0 = Debug|Any CPU
		{4CBE6EF9-F8D6-4C5A-AB9F-36FA1137B8E8}.Release|Any CPU.ActiveCfg = Release|Any CPU
		{4CBE6EF9-F8D6-4C5A-AB9F-36FA1137B8E8}.Release|Any CPU.Build.0 = Release|Any CPU
	EndGlobalSection
	GlobalSection(SolutionProperties) = preSolution
		HideSolutionNode = FALSE
	EndGlobalSection
	GlobalSection(ExtensibilityGlobals) = postSolution
		SolutionGuid = {B5391D32-74D7-4D6A-8CE4-392B0699C674}
	EndGlobalSection
EndGlobal
